// !$*UTF8*$!
{
	archiveVersion = 1;
	classes = {
	};
	objectVersion = 56;
	objects = {

/* Begin PBXGroup section */
		DB6B9DA128F19B1B00197C5B = {
			isa = PBXGroup;
			children = (
			);
			sourceTree = "<group>";
		};
/* End PBXGroup section */

/* Begin PBXProject section */
		DB6B9DA228F19B1B00197C5B /* Project object */ = {
			isa = PBXProject;
			attributes = {
				BuildIndependentTargetsInParallel = 1;
				LastUpgradeCheck = 1400;
			};
			buildConfigurationList = DB6B9DA528F19B1B00197C5B /* Build configuration list for PBXProject "marco-bertagnolli.github.io" */;
			compatibilityVersion = "Xcode 14.0";
			developmentRegion = en;
			hasScannedForEncodings = 0;
			knownRegions = (
				en,
				Base,
			);
			mainGroup = DB6B9DA128F19B1B00197C5B;
			projectDirPath = "";
			projectRoot = "";
			targets = (
			);
		};
/* End PBXProject section */

/* Begin XCBuildConfiguration section */
		DB6B9DA628F19B1B00197C5B /* Debug */ = {
			isa = XCBuildConfiguration;
			buildSettings = {
			};
			name = Debug;
		};
		DB6B9DA728F19B1B00197C5B /* Release */ = {
			isa = XCBuildConfiguration;
			buildSettings = {
			};
			name = Release;
		};
/* End XCBuildConfiguration section */

/* Begin XCConfigurationList section */
		DB6B9DA528F19B1B00197C5B /* Build configuration list for PBXProject "marco-bertagnolli.github.io" */ = {
			isa = XCConfigurationList;
			buildConfigurations = (
				DB6B9DA628F19B1B00197C5B /* Debug */,
				DB6B9DA728F19B1B00197C5B /* Release */,
			);
			defaultConfigurationIsVisible = 0;
			defaultConfigurationName = Release;
		};
/* End XCConfigurationList section */
	};
	rootObject = DB6B9DA228F19B1B00197C5B /* Project object */;
}
