// !$*UTF8*$!
{
	archiveVersion = 1;
	classes = {
	};
	objectVersion = 56;
	objects = {

/* Begin PBXFileReference section */
		DB6B9DB028F1AD0900197C5B /* index.html */ = {isa = PBXFileReference; lastKnownFileType = text.html; path = index.html; sourceTree = "<group>"; };
		DB6B9DB128F1AD0F00197C5B /* script */ = {isa = PBXFileReference; lastKnownFileType = folder; path = script; sourceTree = "<group>"; };
		DB6B9DB228F1AD0F00197C5B /* style */ = {isa = PBXFileReference; lastKnownFileType = folder; path = style; sourceTree = "<group>"; };
		DB6B9DB328F1AD0F00197C5B /* media */ = {isa = PBXFileReference; lastKnownFileType = folder; path = media; sourceTree = "<group>"; };
/* End PBXFileReference section */

/* Begin PBXGroup section */
		DB6B9DA128F19B1B00197C5B = {
			isa = PBXGroup;
			children = (
				DB6B9DB028F1AD0900197C5B /* index.html */,
				DB6B9DB328F1AD0F00197C5B /* media */,
				DB6B9DB128F1AD0F00197C5B /* script */,
				DB6B9DB228F1AD0F00197C5B /* style */,
			);
			sourceTree = "<group>";
		};
/* End PBXGroup section */

/* Begin PBXProject section */
		DB6B9DA228F19B1B00197C5B /* Project object */ = {
			isa = PBXProject;
			attributes = {
				BuildIndependentTargetsInParallel = 1;
				LastUpgradeCheck = 1400;
			};
			buildConfigurationList = DB6B9DA528F19B1B00197C5B /* Build configuration list for PBXProject "marco-bertagnolli.github.io" */;
			compatibilityVersion = "Xcode 14.0";
			developmentRegion = en;
			hasScannedForEncodings = 0;
			knownRegions = (
				en,
				Base,
			);
			mainGroup = DB6B9DA128F19B1B00197C5B;
			projectDirPath = "";
			projectRoot = "";
			targets = (
			);
		};
/* End PBXProject section */

/* Begin XCBuildConfiguration section */
		DB6B9DA628F19B1B00197C5B /* Debug */ = {
			isa = XCBuildConfiguration;
			buildSettings = {
			};
			name = Debug;
		};
		DB6B9DA728F19B1B00197C5B /* Release */ = {
			isa = XCBuildConfiguration;
			buildSettings = {
			};
			name = Release;
		};
/* End XCBuildConfiguration section */

/* Begin XCConfigurationList section */
		DB6B9DA528F19B1B00197C5B /* Build configuration list for PBXProject "marco-bertagnolli.github.io" */ = {
			isa = XCConfigurationList;
			buildConfigurations = (
				DB6B9DA628F19B1B00197C5B /* Debug */,
				DB6B9DA728F19B1B00197C5B /* Release */,
			);
			defaultConfigurationIsVisible = 0;
			defaultConfigurationName = Release;
		};
/* End XCConfigurationList section */
	};
	rootObject = DB6B9DA228F19B1B00197C5B /* Project object */;
}
